// !$*UTF8*$!
{
	archiveVersion = 1;
	classes = {
	};
	objectVersion = 46;
	objects = {

/* Begin PBXBuildFile section */
		1ACB187739AF42DE80468603 /* libPods.a in Frameworks */ = {isa = PBXBuildFile; fileRef = 04BEDF1CC03C4953B6D7EEFF /* libPods.a */; };
		BF2B5BFF192DB2FC00819BAE /* Foundation.framework in Frameworks */ = {isa = PBXBuildFile; fileRef = BF2B5BFE192DB2FC00819BAE /* Foundation.framework */; };
		BF2B5C01192DB2FC00819BAE /* CoreGraphics.framework in Frameworks */ = {isa = PBXBuildFile; fileRef = BF2B5C00192DB2FC00819BAE /* CoreGraphics.framework */; };
		BF2B5C03192DB2FC00819BAE /* UIKit.framework in Frameworks */ = {isa = PBXBuildFile; fileRef = BF2B5C02192DB2FC00819BAE /* UIKit.framework */; };
		BF2B5C09192DB2FC00819BAE /* InfoPlist.strings in Resources */ = {isa = PBXBuildFile; fileRef = BF2B5C07192DB2FC00819BAE /* InfoPlist.strings */; };
		BF2B5C0B192DB2FC00819BAE /* main.m in Sources */ = {isa = PBXBuildFile; fileRef = BF2B5C0A192DB2FC00819BAE /* main.m */; };
		BF2B5C0F192DB2FC00819BAE /* AppDelegate.m in Sources */ = {isa = PBXBuildFile; fileRef = BF2B5C0E192DB2FC00819BAE /* AppDelegate.m */; };
		BF2B5C11192DB2FC00819BAE /* Images.xcassets in Resources */ = {isa = PBXBuildFile; fileRef = BF2B5C10192DB2FC00819BAE /* Images.xcassets */; };
		BF2B5C18192DB2FC00819BAE /* XCTest.framework in Frameworks */ = {isa = PBXBuildFile; fileRef = BF2B5C17192DB2FC00819BAE /* XCTest.framework */; };
		BF2B5C19192DB2FC00819BAE /* Foundation.framework in Frameworks */ = {isa = PBXBuildFile; fileRef = BF2B5BFE192DB2FC00819BAE /* Foundation.framework */; };
		BF2B5C1A192DB2FC00819BAE /* UIKit.framework in Frameworks */ = {isa = PBXBuildFile; fileRef = BF2B5C02192DB2FC00819BAE /* UIKit.framework */; };
		BF2B5C22192DB2FC00819BAE /* InfoPlist.strings in Resources */ = {isa = PBXBuildFile; fileRef = BF2B5C20192DB2FC00819BAE /* InfoPlist.strings */; };
		BF2B5C24192DB2FC00819BAE /* EOTests.m in Sources */ = {isa = PBXBuildFile; fileRef = BF2B5C23192DB2FC00819BAE /* EOTests.m */; };
		BF2B5C2E192DBF5700819BAE /* Parse.framework in Frameworks */ = {isa = PBXBuildFile; fileRef = BF2B5C2D192DBF5600819BAE /* Parse.framework */; };
		BF2B5C30192DBF7500819BAE /* AudioToolbox.framework in Frameworks */ = {isa = PBXBuildFile; fileRef = BF2B5C2F192DBF7500819BAE /* AudioToolbox.framework */; };
		BF2B5C32192DBF7F00819BAE /* CFNetwork.framework in Frameworks */ = {isa = PBXBuildFile; fileRef = BF2B5C31192DBF7F00819BAE /* CFNetwork.framework */; };
		BF2B5C34192DBF8C00819BAE /* CoreLocation.framework in Frameworks */ = {isa = PBXBuildFile; fileRef = BF2B5C33192DBF8C00819BAE /* CoreLocation.framework */; };
		BF2B5C36192DBF9400819BAE /* libz.dylib in Frameworks */ = {isa = PBXBuildFile; fileRef = BF2B5C35192DBF9400819BAE /* libz.dylib */; };
		BF2B5C38192DBF9B00819BAE /* MobileCoreServices.framework in Frameworks */ = {isa = PBXBuildFile; fileRef = BF2B5C37192DBF9B00819BAE /* MobileCoreServices.framework */; };
		BF2B5C3A192DBFA500819BAE /* QuartzCore.framework in Frameworks */ = {isa = PBXBuildFile; fileRef = BF2B5C39192DBFA500819BAE /* QuartzCore.framework */; };
		BF2B5C3C192DBFAE00819BAE /* Security.framework in Frameworks */ = {isa = PBXBuildFile; fileRef = BF2B5C3B192DBFAE00819BAE /* Security.framework */; };
		BF2B5C3E192DBFB400819BAE /* StoreKit.framework in Frameworks */ = {isa = PBXBuildFile; fileRef = BF2B5C3D192DBFB400819BAE /* StoreKit.framework */; };
		BF2B5C40192DBFBD00819BAE /* SystemConfiguration.framework in Frameworks */ = {isa = PBXBuildFile; fileRef = BF2B5C3F192DBFBD00819BAE /* SystemConfiguration.framework */; };
		BF2B5C44192DC09300819BAE /* LoginViewController.m in Sources */ = {isa = PBXBuildFile; fileRef = BF2B5C43192DC09300819BAE /* LoginViewController.m */; };
		BF2B5C46192DC42B00819BAE /* FacebookSDK.framework in Frameworks */ = {isa = PBXBuildFile; fileRef = BF2B5C45192DC42B00819BAE /* FacebookSDK.framework */; };
		BF3756501932C96D00C25867 /* menu@2x.png in Resources */ = {isa = PBXBuildFile; fileRef = BF37564F1932C96D00C25867 /* menu@2x.png */; };
		BF3756561933B32800C25867 /* FilterViewController.m in Sources */ = {isa = PBXBuildFile; fileRef = BF3756551933B32800C25867 /* FilterViewController.m */; };
		BF37565A1934261500C25867 /* EventTableViewCell.m in Sources */ = {isa = PBXBuildFile; fileRef = BF3756591934261500C25867 /* EventTableViewCell.m */; };
		BF37565D19343AE200C25867 /* LeftViewController.m in Sources */ = {isa = PBXBuildFile; fileRef = BF37565C19343AE200C25867 /* LeftViewController.m */; };
		BF4BEBD61935234C000F0B80 /* set@2x.png in Resources */ = {isa = PBXBuildFile; fileRef = BF4BEBD51935234C000F0B80 /* set@2x.png */; };
		BF6117ED1938249900D06BA6 /* Default-568h@2x.png in Resources */ = {isa = PBXBuildFile; fileRef = BF6117EC1938249900D06BA6 /* Default-568h@2x.png */; };
		BF6117F119384D8C00D06BA6 /* FriendsViewController.m in Sources */ = {isa = PBXBuildFile; fileRef = BF6117F019384D8C00D06BA6 /* FriendsViewController.m */; };
		BF6117F419384D9B00D06BA6 /* RequestsViewController.m in Sources */ = {isa = PBXBuildFile; fileRef = BF6117F319384D9B00D06BA6 /* RequestsViewController.m */; };
		BFD2783E19367CF000BAC2C5 /* background.png in Resources */ = {isa = PBXBuildFile; fileRef = BFD2783D19367CF000BAC2C5 /* background.png */; };
		BFEFCF65192E758800DFFFCF /* CoreText.framework in Frameworks */ = {isa = PBXBuildFile; fileRef = BFEFCF64192E758800DFFFCF /* CoreText.framework */; };
		BFEFCF67192E7EA000DFFFCF /* Social.framework in Frameworks */ = {isa = PBXBuildFile; fileRef = BFEFCF66192E7EA000DFFFCF /* Social.framework */; };
		BFEFCFAA192F943E00DFFFCF /* UPEViewController.m in Sources */ = {isa = PBXBuildFile; fileRef = BFEFCFA9192F943E00DFFFCF /* UPEViewController.m */; };
		BFEFCFB6192FF8FC00DFFFCF /* BGNViewController.m in Sources */ = {isa = PBXBuildFile; fileRef = BFEFCFB5192FF8FC00DFFFCF /* BGNViewController.m */; };
		BFEFCFCC1931376400DFFFCF /* sampleProf.png in Resources */ = {isa = PBXBuildFile; fileRef = BFEFCFCB1931376400DFFFCF /* sampleProf.png */; };
		BFEFCFCF19315CB900DFFFCF /* NViewController.m in Sources */ = {isa = PBXBuildFile; fileRef = BFEFCFCE19315CB900DFFFCF /* NViewController.m */; };
		BFEFCFD2193265D300DFFFCF /* MapViewController.m in Sources */ = {isa = PBXBuildFile; fileRef = BFEFCFD1193265D300DFFFCF /* MapViewController.m */; };
		BFEFCFD41932679800DFFFCF /* MapKit.framework in Frameworks */ = {isa = PBXBuildFile; fileRef = BFEFCFD31932679800DFFFCF /* MapKit.framework */; };
/* End PBXBuildFile section */

/* Begin PBXContainerItemProxy section */
		BF2B5C1B192DB2FC00819BAE /* PBXContainerItemProxy */ = {
			isa = PBXContainerItemProxy;
			containerPortal = BF2B5BF3192DB2FB00819BAE /* Project object */;
			proxyType = 1;
			remoteGlobalIDString = BF2B5BFA192DB2FC00819BAE;
			remoteInfo = EO;
		};
/* End PBXContainerItemProxy section */

/* Begin PBXFileReference section */
		04BEDF1CC03C4953B6D7EEFF /* libPods.a */ = {isa = PBXFileReference; explicitFileType = archive.ar; includeInIndex = 0; path = libPods.a; sourceTree = BUILT_PRODUCTS_DIR; };
		05C47B998FD043A4B64A9FCD /* Pods.xcconfig */ = {isa = PBXFileReference; includeInIndex = 1; lastKnownFileType = text.xcconfig; name = Pods.xcconfig; path = Pods/Pods.xcconfig; sourceTree = "<group>"; };
		BF2B5BFB192DB2FC00819BAE /* EO.app */ = {isa = PBXFileReference; explicitFileType = wrapper.application; includeInIndex = 0; path = EO.app; sourceTree = BUILT_PRODUCTS_DIR; };
		BF2B5BFE192DB2FC00819BAE /* Foundation.framework */ = {isa = PBXFileReference; lastKnownFileType = wrapper.framework; name = Foundation.framework; path = System/Library/Frameworks/Foundation.framework; sourceTree = SDKROOT; };
		BF2B5C00192DB2FC00819BAE /* CoreGraphics.framework */ = {isa = PBXFileReference; lastKnownFileType = wrapper.framework; name = CoreGraphics.framework; path = System/Library/Frameworks/CoreGraphics.framework; sourceTree = SDKROOT; };
		BF2B5C02192DB2FC00819BAE /* UIKit.framework */ = {isa = PBXFileReference; lastKnownFileType = wrapper.framework; name = UIKit.framework; path = System/Library/Frameworks/UIKit.framework; sourceTree = SDKROOT; };
		BF2B5C06192DB2FC00819BAE /* EO-Info.plist */ = {isa = PBXFileReference; lastKnownFileType = text.plist.xml; path = "EO-Info.plist"; sourceTree = "<group>"; };
		BF2B5C08192DB2FC00819BAE /* en */ = {isa = PBXFileReference; lastKnownFileType = text.plist.strings; name = en; path = en.lproj/InfoPlist.strings; sourceTree = "<group>"; };
		BF2B5C0A192DB2FC00819BAE /* main.m */ = {isa = PBXFileReference; lastKnownFileType = sourcecode.c.objc; path = main.m; sourceTree = "<group>"; };
		BF2B5C0C192DB2FC00819BAE /* EO-Prefix.pch */ = {isa = PBXFileReference; lastKnownFileType = sourcecode.c.h; path = "EO-Prefix.pch"; sourceTree = "<group>"; };
		BF2B5C0D192DB2FC00819BAE /* AppDelegate.h */ = {isa = PBXFileReference; lastKnownFileType = sourcecode.c.h; path = AppDelegate.h; sourceTree = "<group>"; };
		BF2B5C0E192DB2FC00819BAE /* AppDelegate.m */ = {isa = PBXFileReference; lastKnownFileType = sourcecode.c.objc; path = AppDelegate.m; sourceTree = "<group>"; };
		BF2B5C10192DB2FC00819BAE /* Images.xcassets */ = {isa = PBXFileReference; lastKnownFileType = folder.assetcatalog; path = Images.xcassets; sourceTree = "<group>"; };
		BF2B5C16192DB2FC00819BAE /* EOTests.xctest */ = {isa = PBXFileReference; explicitFileType = wrapper.cfbundle; includeInIndex = 0; path = EOTests.xctest; sourceTree = BUILT_PRODUCTS_DIR; };
		BF2B5C17192DB2FC00819BAE /* XCTest.framework */ = {isa = PBXFileReference; lastKnownFileType = wrapper.framework; name = XCTest.framework; path = Library/Frameworks/XCTest.framework; sourceTree = DEVELOPER_DIR; };
		BF2B5C1F192DB2FC00819BAE /* EOTests-Info.plist */ = {isa = PBXFileReference; lastKnownFileType = text.plist.xml; path = "EOTests-Info.plist"; sourceTree = "<group>"; };
		BF2B5C21192DB2FC00819BAE /* en */ = {isa = PBXFileReference; lastKnownFileType = text.plist.strings; name = en; path = en.lproj/InfoPlist.strings; sourceTree = "<group>"; };
		BF2B5C23192DB2FC00819BAE /* EOTests.m */ = {isa = PBXFileReference; lastKnownFileType = sourcecode.c.objc; path = EOTests.m; sourceTree = "<group>"; };
		BF2B5C2D192DBF5600819BAE /* Parse.framework */ = {isa = PBXFileReference; lastKnownFileType = wrapper.framework; path = Parse.framework; sourceTree = "<group>"; };
		BF2B5C2F192DBF7500819BAE /* AudioToolbox.framework */ = {isa = PBXFileReference; lastKnownFileType = wrapper.framework; name = AudioToolbox.framework; path = System/Library/Frameworks/AudioToolbox.framework; sourceTree = SDKROOT; };
		BF2B5C31192DBF7F00819BAE /* CFNetwork.framework */ = {isa = PBXFileReference; lastKnownFileType = wrapper.framework; name = CFNetwork.framework; path = System/Library/Frameworks/CFNetwork.framework; sourceTree = SDKROOT; };
		BF2B5C33192DBF8C00819BAE /* CoreLocation.framework */ = {isa = PBXFileReference; lastKnownFileType = wrapper.framework; name = CoreLocation.framework; path = System/Library/Frameworks/CoreLocation.framework; sourceTree = SDKROOT; };
		BF2B5C35192DBF9400819BAE /* libz.dylib */ = {isa = PBXFileReference; lastKnownFileType = "compiled.mach-o.dylib"; name = libz.dylib; path = usr/lib/libz.dylib; sourceTree = SDKROOT; };
		BF2B5C37192DBF9B00819BAE /* MobileCoreServices.framework */ = {isa = PBXFileReference; lastKnownFileType = wrapper.framework; name = MobileCoreServices.framework; path = System/Library/Frameworks/MobileCoreServices.framework; sourceTree = SDKROOT; };
		BF2B5C39192DBFA500819BAE /* QuartzCore.framework */ = {isa = PBXFileReference; lastKnownFileType = wrapper.framework; name = QuartzCore.framework; path = System/Library/Frameworks/QuartzCore.framework; sourceTree = SDKROOT; };
		BF2B5C3B192DBFAE00819BAE /* Security.framework */ = {isa = PBXFileReference; lastKnownFileType = wrapper.framework; name = Security.framework; path = System/Library/Frameworks/Security.framework; sourceTree = SDKROOT; };
		BF2B5C3D192DBFB400819BAE /* StoreKit.framework */ = {isa = PBXFileReference; lastKnownFileType = wrapper.framework; name = StoreKit.framework; path = System/Library/Frameworks/StoreKit.framework; sourceTree = SDKROOT; };
		BF2B5C3F192DBFBD00819BAE /* SystemConfiguration.framework */ = {isa = PBXFileReference; lastKnownFileType = wrapper.framework; name = SystemConfiguration.framework; path = System/Library/Frameworks/SystemConfiguration.framework; sourceTree = SDKROOT; };
		BF2B5C42192DC09300819BAE /* LoginViewController.h */ = {isa = PBXFileReference; fileEncoding = 4; lastKnownFileType = sourcecode.c.h; path = LoginViewController.h; sourceTree = "<group>"; };
		BF2B5C43192DC09300819BAE /* LoginViewController.m */ = {isa = PBXFileReference; fileEncoding = 4; lastKnownFileType = sourcecode.c.objc; path = LoginViewController.m; sourceTree = "<group>"; };
		BF2B5C45192DC42B00819BAE /* FacebookSDK.framework */ = {isa = PBXFileReference; lastKnownFileType = wrapper.framework; path = FacebookSDK.framework; sourceTree = "<group>"; };
		BF37564F1932C96D00C25867 /* menu@2x.png */ = {isa = PBXFileReference; lastKnownFileType = image.png; path = "menu@2x.png"; sourceTree = "<group>"; };
		BF3756541933B32800C25867 /* FilterViewController.h */ = {isa = PBXFileReference; fileEncoding = 4; lastKnownFileType = sourcecode.c.h; path = FilterViewController.h; sourceTree = "<group>"; };
		BF3756551933B32800C25867 /* FilterViewController.m */ = {isa = PBXFileReference; fileEncoding = 4; lastKnownFileType = sourcecode.c.objc; path = FilterViewController.m; sourceTree = "<group>"; };
		BF3756581934261500C25867 /* EventTableViewCell.h */ = {isa = PBXFileReference; fileEncoding = 4; lastKnownFileType = sourcecode.c.h; path = EventTableViewCell.h; sourceTree = "<group>"; };
		BF3756591934261500C25867 /* EventTableViewCell.m */ = {isa = PBXFileReference; fileEncoding = 4; lastKnownFileType = sourcecode.c.objc; path = EventTableViewCell.m; sourceTree = "<group>"; };
		BF37565B19343AE200C25867 /* LeftViewController.h */ = {isa = PBXFileReference; fileEncoding = 4; lastKnownFileType = sourcecode.c.h; path = LeftViewController.h; sourceTree = "<group>"; };
		BF37565C19343AE200C25867 /* LeftViewController.m */ = {isa = PBXFileReference; fileEncoding = 4; lastKnownFileType = sourcecode.c.objc; path = LeftViewController.m; sourceTree = "<group>"; };
		BF4BEBD51935234C000F0B80 /* set@2x.png */ = {isa = PBXFileReference; lastKnownFileType = image.png; path = "set@2x.png"; sourceTree = "<group>"; };
		BF6117EC1938249900D06BA6 /* Default-568h@2x.png */ = {isa = PBXFileReference; lastKnownFileType = image.png; path = "Default-568h@2x.png"; sourceTree = "<group>"; };
		BF6117EF19384D8C00D06BA6 /* FriendsViewController.h */ = {isa = PBXFileReference; fileEncoding = 4; lastKnownFileType = sourcecode.c.h; path = FriendsViewController.h; sourceTree = "<group>"; };
		BF6117F019384D8C00D06BA6 /* FriendsViewController.m */ = {isa = PBXFileReference; fileEncoding = 4; lastKnownFileType = sourcecode.c.objc; path = FriendsViewController.m; sourceTree = "<group>"; };
		BF6117F219384D9B00D06BA6 /* RequestsViewController.h */ = {isa = PBXFileReference; fileEncoding = 4; lastKnownFileType = sourcecode.c.h; path = RequestsViewController.h; sourceTree = "<group>"; };
		BF6117F319384D9B00D06BA6 /* RequestsViewController.m */ = {isa = PBXFileReference; fileEncoding = 4; lastKnownFileType = sourcecode.c.objc; path = RequestsViewController.m; sourceTree = "<group>"; };
		BFD2783D19367CF000BAC2C5 /* background.png */ = {isa = PBXFileReference; lastKnownFileType = image.png; path = background.png; sourceTree = "<group>"; };
		BFEFCF64192E758800DFFFCF /* CoreText.framework */ = {isa = PBXFileReference; lastKnownFileType = wrapper.framework; name = CoreText.framework; path = System/Library/Frameworks/CoreText.framework; sourceTree = SDKROOT; };
		BFEFCF66192E7EA000DFFFCF /* Social.framework */ = {isa = PBXFileReference; lastKnownFileType = wrapper.framework; name = Social.framework; path = System/Library/Frameworks/Social.framework; sourceTree = SDKROOT; };
		BFEFCFA8192F943E00DFFFCF /* UPEViewController.h */ = {isa = PBXFileReference; fileEncoding = 4; lastKnownFileType = sourcecode.c.h; path = UPEViewController.h; sourceTree = "<group>"; };
		BFEFCFA9192F943E00DFFFCF /* UPEViewController.m */ = {isa = PBXFileReference; fileEncoding = 4; lastKnownFileType = sourcecode.c.objc; path = UPEViewController.m; sourceTree = "<group>"; };
		BFEFCFB4192FF8FC00DFFFCF /* BGNViewController.h */ = {isa = PBXFileReference; fileEncoding = 4; lastKnownFileType = sourcecode.c.h; path = BGNViewController.h; sourceTree = "<group>"; };
		BFEFCFB5192FF8FC00DFFFCF /* BGNViewController.m */ = {isa = PBXFileReference; fileEncoding = 4; lastKnownFileType = sourcecode.c.objc; path = BGNViewController.m; sourceTree = "<group>"; };
		BFEFCFCB1931376400DFFFCF /* sampleProf.png */ = {isa = PBXFileReference; lastKnownFileType = image.png; path = sampleProf.png; sourceTree = "<group>"; };
		BFEFCFCD19315CB900DFFFCF /* NViewController.h */ = {isa = PBXFileReference; fileEncoding = 4; lastKnownFileType = sourcecode.c.h; path = NViewController.h; sourceTree = "<group>"; };
		BFEFCFCE19315CB900DFFFCF /* NViewController.m */ = {isa = PBXFileReference; fileEncoding = 4; lastKnownFileType = sourcecode.c.objc; path = NViewController.m; sourceTree = "<group>"; };
		BFEFCFD0193265D300DFFFCF /* MapViewController.h */ = {isa = PBXFileReference; fileEncoding = 4; lastKnownFileType = sourcecode.c.h; path = MapViewController.h; sourceTree = "<group>"; };
		BFEFCFD1193265D300DFFFCF /* MapViewController.m */ = {isa = PBXFileReference; fileEncoding = 4; lastKnownFileType = sourcecode.c.objc; path = MapViewController.m; sourceTree = "<group>"; };
		BFEFCFD31932679800DFFFCF /* MapKit.framework */ = {isa = PBXFileReference; lastKnownFileType = wrapper.framework; name = MapKit.framework; path = System/Library/Frameworks/MapKit.framework; sourceTree = SDKROOT; };
/* End PBXFileReference section */

/* Begin PBXFrameworksBuildPhase section */
		BF2B5BF8192DB2FC00819BAE /* Frameworks */ = {
			isa = PBXFrameworksBuildPhase;
			buildActionMask = 2147483647;
			files = (
				BFEFCF67192E7EA000DFFFCF /* Social.framework in Frameworks */,
				BFEFCF65192E758800DFFFCF /* CoreText.framework in Frameworks */,
				BF2B5C40192DBFBD00819BAE /* SystemConfiguration.framework in Frameworks */,
				BF2B5C3E192DBFB400819BAE /* StoreKit.framework in Frameworks */,
				BFEFCFD41932679800DFFFCF /* MapKit.framework in Frameworks */,
				BF2B5C3C192DBFAE00819BAE /* Security.framework in Frameworks */,
				BF2B5C3A192DBFA500819BAE /* QuartzCore.framework in Frameworks */,
				BF2B5C38192DBF9B00819BAE /* MobileCoreServices.framework in Frameworks */,
				BF2B5C36192DBF9400819BAE /* libz.dylib in Frameworks */,
				BF2B5C34192DBF8C00819BAE /* CoreLocation.framework in Frameworks */,
				BF2B5C32192DBF7F00819BAE /* CFNetwork.framework in Frameworks */,
				BF2B5C30192DBF7500819BAE /* AudioToolbox.framework in Frameworks */,
				BF2B5C01192DB2FC00819BAE /* CoreGraphics.framework in Frameworks */,
				BF2B5C03192DB2FC00819BAE /* UIKit.framework in Frameworks */,
				BF2B5C2E192DBF5700819BAE /* Parse.framework in Frameworks */,
				BF2B5BFF192DB2FC00819BAE /* Foundation.framework in Frameworks */,
				BF2B5C46192DC42B00819BAE /* FacebookSDK.framework in Frameworks */,
				1ACB187739AF42DE80468603 /* libPods.a in Frameworks */,
			);
			runOnlyForDeploymentPostprocessing = 0;
		};
		BF2B5C13192DB2FC00819BAE /* Frameworks */ = {
			isa = PBXFrameworksBuildPhase;
			buildActionMask = 2147483647;
			files = (
				BF2B5C18192DB2FC00819BAE /* XCTest.framework in Frameworks */,
				BF2B5C1A192DB2FC00819BAE /* UIKit.framework in Frameworks */,
				BF2B5C19192DB2FC00819BAE /* Foundation.framework in Frameworks */,
			);
			runOnlyForDeploymentPostprocessing = 0;
		};
/* End PBXFrameworksBuildPhase section */

/* Begin PBXGroup section */
		BF2B5BF2192DB2FB00819BAE = {
			isa = PBXGroup;
			children = (
				BF6117EC1938249900D06BA6 /* Default-568h@2x.png */,
				BF2B5C45192DC42B00819BAE /* FacebookSDK.framework */,
				BF2B5C2D192DBF5600819BAE /* Parse.framework */,
				BF2B5C04192DB2FC00819BAE /* EO */,
				BF2B5C1D192DB2FC00819BAE /* EOTests */,
				BF2B5BFD192DB2FC00819BAE /* Frameworks */,
				BF2B5BFC192DB2FC00819BAE /* Products */,
				05C47B998FD043A4B64A9FCD /* Pods.xcconfig */,
			);
			sourceTree = "<group>";
		};
		BF2B5BFC192DB2FC00819BAE /* Products */ = {
			isa = PBXGroup;
			children = (
				BF2B5BFB192DB2FC00819BAE /* EO.app */,
				BF2B5C16192DB2FC00819BAE /* EOTests.xctest */,
			);
			name = Products;
			sourceTree = "<group>";
		};
		BF2B5BFD192DB2FC00819BAE /* Frameworks */ = {
			isa = PBXGroup;
			children = (
				BFEFCFD31932679800DFFFCF /* MapKit.framework */,
				BFEFCF66192E7EA000DFFFCF /* Social.framework */,
				BFEFCF64192E758800DFFFCF /* CoreText.framework */,
				BF2B5C3F192DBFBD00819BAE /* SystemConfiguration.framework */,
				BF2B5C3D192DBFB400819BAE /* StoreKit.framework */,
				BF2B5C3B192DBFAE00819BAE /* Security.framework */,
				BF2B5C39192DBFA500819BAE /* QuartzCore.framework */,
				BF2B5C37192DBF9B00819BAE /* MobileCoreServices.framework */,
				BF2B5C35192DBF9400819BAE /* libz.dylib */,
				BF2B5C33192DBF8C00819BAE /* CoreLocation.framework */,
				BF2B5C31192DBF7F00819BAE /* CFNetwork.framework */,
				BF2B5C2F192DBF7500819BAE /* AudioToolbox.framework */,
				BF2B5BFE192DB2FC00819BAE /* Foundation.framework */,
				BF2B5C00192DB2FC00819BAE /* CoreGraphics.framework */,
				BF2B5C02192DB2FC00819BAE /* UIKit.framework */,
				BF2B5C17192DB2FC00819BAE /* XCTest.framework */,
				04BEDF1CC03C4953B6D7EEFF /* libPods.a */,
			);
			name = Frameworks;
			sourceTree = "<group>";
		};
		BF2B5C04192DB2FC00819BAE /* EO */ = {
			isa = PBXGroup;
			children = (
				BF375657193425F200C25867 /* Model */,
				BF2B5C41192DC07A00819BAE /* View Controllers */,
				BF2B5C0D192DB2FC00819BAE /* AppDelegate.h */,
				BF2B5C0E192DB2FC00819BAE /* AppDelegate.m */,
				BF2B5C10192DB2FC00819BAE /* Images.xcassets */,
				BF2B5C05192DB2FC00819BAE /* Supporting Files */,
			);
			path = EO;
			sourceTree = "<group>";
		};
		BF2B5C05192DB2FC00819BAE /* Supporting Files */ = {
			isa = PBXGroup;
			children = (
				BFEFCF8E192F01B600DFFFCF /* Resources */,
				BF2B5C06192DB2FC00819BAE /* EO-Info.plist */,
				BF2B5C07192DB2FC00819BAE /* InfoPlist.strings */,
				BF2B5C0A192DB2FC00819BAE /* main.m */,
				BF2B5C0C192DB2FC00819BAE /* EO-Prefix.pch */,
			);
			name = "Supporting Files";
			sourceTree = "<group>";
		};
		BF2B5C1D192DB2FC00819BAE /* EOTests */ = {
			isa = PBXGroup;
			children = (
				BF2B5C23192DB2FC00819BAE /* EOTests.m */,
				BF2B5C1E192DB2FC00819BAE /* Supporting Files */,
			);
			path = EOTests;
			sourceTree = "<group>";
		};
		BF2B5C1E192DB2FC00819BAE /* Supporting Files */ = {
			isa = PBXGroup;
			children = (
				BF2B5C1F192DB2FC00819BAE /* EOTests-Info.plist */,
				BF2B5C20192DB2FC00819BAE /* InfoPlist.strings */,
			);
			name = "Supporting Files";
			sourceTree = "<group>";
		};
		BF2B5C41192DC07A00819BAE /* View Controllers */ = {
			isa = PBXGroup;
			children = (
				BF6117EE19384D3B00D06BA6 /* Freind View Controllers */,
				BF3756531933B2F600C25867 /* Map Sub View Controller */,
				BFEFCFA7192F936500DFFFCF /* Sign Up View Controllers */,
				BF2B5C42192DC09300819BAE /* LoginViewController.h */,
				BF2B5C43192DC09300819BAE /* LoginViewController.m */,
				BFEFCFD0193265D300DFFFCF /* MapViewController.h */,
				BFEFCFD1193265D300DFFFCF /* MapViewController.m */,
				BF37565B19343AE200C25867 /* LeftViewController.h */,
				BF37565C19343AE200C25867 /* LeftViewController.m */,
			);
			name = "View Controllers";
			sourceTree = "<group>";
		};
		BF3756531933B2F600C25867 /* Map Sub View Controller */ = {
			isa = PBXGroup;
			children = (
				BF3756541933B32800C25867 /* FilterViewController.h */,
				BF3756551933B32800C25867 /* FilterViewController.m */,
			);
			name = "Map Sub View Controller";
			sourceTree = "<group>";
		};
		BF375657193425F200C25867 /* Model */ = {
			isa = PBXGroup;
			children = (
				BF3756581934261500C25867 /* EventTableViewCell.h */,
				BF3756591934261500C25867 /* EventTableViewCell.m */,
			);
			name = Model;
			sourceTree = "<group>";
		};
		BF6117EE19384D3B00D06BA6 /* Freind View Controllers */ = {
			isa = PBXGroup;
			children = (
				BF6117EF19384D8C00D06BA6 /* FriendsViewController.h */,
				BF6117F019384D8C00D06BA6 /* FriendsViewController.m */,
				BF6117F219384D9B00D06BA6 /* RequestsViewController.h */,
				BF6117F319384D9B00D06BA6 /* RequestsViewController.m */,
			);
			name = "Freind View Controllers";
			sourceTree = "<group>";
		};
		BFEFCF8E192F01B600DFFFCF /* Resources */ = {
			isa = PBXGroup;
			children = (
				BFD2783D19367CF000BAC2C5 /* background.png */,
				BF4BEBD51935234C000F0B80 /* set@2x.png */,
				BF37564F1932C96D00C25867 /* menu@2x.png */,
				BFEFCFCB1931376400DFFFCF /* sampleProf.png */,
			);
			name = Resources;
			sourceTree = "<group>";
		};
		BFEFCFA7192F936500DFFFCF /* Sign Up View Controllers */ = {
			isa = PBXGroup;
			children = (
				BFEFCFA8192F943E00DFFFCF /* UPEViewController.h */,
				BFEFCFA9192F943E00DFFFCF /* UPEViewController.m */,
				BFEFCFB4192FF8FC00DFFFCF /* BGNViewController.h */,
				BFEFCFB5192FF8FC00DFFFCF /* BGNViewController.m */,
				BFEFCFCD19315CB900DFFFCF /* NViewController.h */,
				BFEFCFCE19315CB900DFFFCF /* NViewController.m */,
			);
			name = "Sign Up View Controllers";
			sourceTree = "<group>";
		};
/* End PBXGroup section */

/* Begin PBXNativeTarget section */
		BF2B5BFA192DB2FC00819BAE /* EO */ = {
			isa = PBXNativeTarget;
			buildConfigurationList = BF2B5C27192DB2FC00819BAE /* Build configuration list for PBXNativeTarget "EO" */;
			buildPhases = (
				E01E99F8547542399EBE7161 /* Check Pods Manifest.lock */,
				BF2B5BF7192DB2FC00819BAE /* Sources */,
				BF2B5BF8192DB2FC00819BAE /* Frameworks */,
				BF2B5BF9192DB2FC00819BAE /* Resources */,
				A1D5FA0332394CFA8379AADA /* Copy Pods Resources */,
			);
			buildRules = (
			);
			dependencies = (
			);
			name = EO;
			productName = EO;
			productReference = BF2B5BFB192DB2FC00819BAE /* EO.app */;
			productType = "com.apple.product-type.application";
		};
		BF2B5C15192DB2FC00819BAE /* EOTests */ = {
			isa = PBXNativeTarget;
			buildConfigurationList = BF2B5C2A192DB2FC00819BAE /* Build configuration list for PBXNativeTarget "EOTests" */;
			buildPhases = (
				BF2B5C12192DB2FC00819BAE /* Sources */,
				BF2B5C13192DB2FC00819BAE /* Frameworks */,
				BF2B5C14192DB2FC00819BAE /* Resources */,
			);
			buildRules = (
			);
			dependencies = (
				BF2B5C1C192DB2FC00819BAE /* PBXTargetDependency */,
			);
			name = EOTests;
			productName = EOTests;
			productReference = BF2B5C16192DB2FC00819BAE /* EOTests.xctest */;
			productType = "com.apple.product-type.bundle.unit-test";
		};
/* End PBXNativeTarget section */

/* Begin PBXProject section */
		BF2B5BF3192DB2FB00819BAE /* Project object */ = {
			isa = PBXProject;
			attributes = {
				LastUpgradeCheck = 0510;
				ORGANIZATIONNAME = "Dylan Humphrey";
				TargetAttributes = {
					BF2B5BFA192DB2FC00819BAE = {
						SystemCapabilities = {
							com.apple.iOS = {
								enabled = 1;
							};
						};
					};
					BF2B5C15192DB2FC00819BAE = {
						TestTargetID = BF2B5BFA192DB2FC00819BAE;
					};
				};
			};
			buildConfigurationList = BF2B5BF6192DB2FB00819BAE /* Build configuration list for PBXProject "EO" */;
			compatibilityVersion = "Xcode 3.2";
			developmentRegion = English;
			hasScannedForEncodings = 0;
			knownRegions = (
				en,
			);
			mainGroup = BF2B5BF2192DB2FB00819BAE;
			productRefGroup = BF2B5BFC192DB2FC00819BAE /* Products */;
			projectDirPath = "";
			projectRoot = "";
			targets = (
				BF2B5BFA192DB2FC00819BAE /* EO */,
				BF2B5C15192DB2FC00819BAE /* EOTests */,
			);
		};
/* End PBXProject section */

/* Begin PBXResourcesBuildPhase section */
		BF2B5BF9192DB2FC00819BAE /* Resources */ = {
			isa = PBXResourcesBuildPhase;
			buildActionMask = 2147483647;
			files = (
				BF2B5C09192DB2FC00819BAE /* InfoPlist.strings in Resources */,
				BFD2783E19367CF000BAC2C5 /* background.png in Resources */,
				BF3756501932C96D00C25867 /* menu@2x.png in Resources */,
				BF2B5C11192DB2FC00819BAE /* Images.xcassets in Resources */,
				BF4BEBD61935234C000F0B80 /* set@2x.png in Resources */,
				BF6117ED1938249900D06BA6 /* Default-568h@2x.png in Resources */,
				BFEFCFCC1931376400DFFFCF /* sampleProf.png in Resources */,
			);
			runOnlyForDeploymentPostprocessing = 0;
		};
		BF2B5C14192DB2FC00819BAE /* Resources */ = {
			isa = PBXResourcesBuildPhase;
			buildActionMask = 2147483647;
			files = (
				BF2B5C22192DB2FC00819BAE /* InfoPlist.strings in Resources */,
			);
			runOnlyForDeploymentPostprocessing = 0;
		};
/* End PBXResourcesBuildPhase section */

/* Begin PBXShellScriptBuildPhase section */
		A1D5FA0332394CFA8379AADA /* Copy Pods Resources */ = {
			isa = PBXShellScriptBuildPhase;
			buildActionMask = 2147483647;
			files = (
			);
			inputPaths = (
			);
			name = "Copy Pods Resources";
			outputPaths = (
			);
			runOnlyForDeploymentPostprocessing = 0;
			shellPath = /bin/sh;
			shellScript = "\"${SRCROOT}/Pods/Pods-resources.sh\"\n";
			showEnvVarsInLog = 0;
		};
		E01E99F8547542399EBE7161 /* Check Pods Manifest.lock */ = {
			isa = PBXShellScriptBuildPhase;
			buildActionMask = 2147483647;
			files = (
			);
			inputPaths = (
			);
			name = "Check Pods Manifest.lock";
			outputPaths = (
			);
			runOnlyForDeploymentPostprocessing = 0;
			shellPath = /bin/sh;
			shellScript = "diff \"${PODS_ROOT}/../Podfile.lock\" \"${PODS_ROOT}/Manifest.lock\" > /dev/null\nif [[ $? != 0 ]] ; then\n    cat << EOM\nerror: The sandbox is not in sync with the Podfile.lock. Run 'pod install' or update your CocoaPods installation.\nEOM\n    exit 1\nfi\n";
			showEnvVarsInLog = 0;
		};
/* End PBXShellScriptBuildPhase section */

/* Begin PBXSourcesBuildPhase section */
		BF2B5BF7192DB2FC00819BAE /* Sources */ = {
			isa = PBXSourcesBuildPhase;
			buildActionMask = 2147483647;
			files = (
				BF2B5C0F192DB2FC00819BAE /* AppDelegate.m in Sources */,
				BF37565D19343AE200C25867 /* LeftViewController.m in Sources */,
				BF6117F419384D9B00D06BA6 /* RequestsViewController.m in Sources */,
				BF2B5C0B192DB2FC00819BAE /* main.m in Sources */,
				BF37565A1934261500C25867 /* EventTableViewCell.m in Sources */,
				BF2B5C44192DC09300819BAE /* LoginViewController.m in Sources */,
				BFEFCFB6192FF8FC00DFFFCF /* BGNViewController.m in Sources */,
				BF6117F119384D8C00D06BA6 /* FriendsViewController.m in Sources */,
				BFEFCFAA192F943E00DFFFCF /* UPEViewController.m in Sources */,
				BFEFCFCF19315CB900DFFFCF /* NViewController.m in Sources */,
				BF3756561933B32800C25867 /* FilterViewController.m in Sources */,
				BFEFCFD2193265D300DFFFCF /* MapViewController.m in Sources */,
			);
			runOnlyForDeploymentPostprocessing = 0;
		};
		BF2B5C12192DB2FC00819BAE /* Sources */ = {
			isa = PBXSourcesBuildPhase;
			buildActionMask = 2147483647;
			files = (
				BF2B5C24192DB2FC00819BAE /* EOTests.m in Sources */,
			);
			runOnlyForDeploymentPostprocessing = 0;
		};
/* End PBXSourcesBuildPhase section */

/* Begin PBXTargetDependency section */
		BF2B5C1C192DB2FC00819BAE /* PBXTargetDependency */ = {
			isa = PBXTargetDependency;
			target = BF2B5BFA192DB2FC00819BAE /* EO */;
			targetProxy = BF2B5C1B192DB2FC00819BAE /* PBXContainerItemProxy */;
		};
/* End PBXTargetDependency section */

/* Begin PBXVariantGroup section */
		BF2B5C07192DB2FC00819BAE /* InfoPlist.strings */ = {
			isa = PBXVariantGroup;
			children = (
				BF2B5C08192DB2FC00819BAE /* en */,
			);
			name = InfoPlist.strings;
			sourceTree = "<group>";
		};
		BF2B5C20192DB2FC00819BAE /* InfoPlist.strings */ = {
			isa = PBXVariantGroup;
			children = (
				BF2B5C21192DB2FC00819BAE /* en */,
			);
			name = InfoPlist.strings;
			sourceTree = "<group>";
		};
/* End PBXVariantGroup section */

/* Begin XCBuildConfiguration section */
		BF2B5C25192DB2FC00819BAE /* Debug */ = {
			isa = XCBuildConfiguration;
			buildSettings = {
				ALWAYS_SEARCH_USER_PATHS = NO;
				CLANG_CXX_LANGUAGE_STANDARD = "gnu++0x";
				CLANG_CXX_LIBRARY = "libc++";
				CLANG_ENABLE_MODULES = YES;
				CLANG_ENABLE_OBJC_ARC = YES;
				CLANG_WARN_BOOL_CONVERSION = YES;
				CLANG_WARN_CONSTANT_CONVERSION = YES;
				CLANG_WARN_DIRECT_OBJC_ISA_USAGE = YES_ERROR;
				CLANG_WARN_EMPTY_BODY = YES;
				CLANG_WARN_ENUM_CONVERSION = YES;
				CLANG_WARN_INT_CONVERSION = YES;
				CLANG_WARN_OBJC_ROOT_CLASS = YES_ERROR;
				CLANG_WARN__DUPLICATE_METHOD_MATCH = YES;
				"CODE_SIGN_IDENTITY[sdk=iphoneos*]" = "iPhone Developer";
				COPY_PHASE_STRIP = NO;
				GCC_C_LANGUAGE_STANDARD = gnu99;
				GCC_DYNAMIC_NO_PIC = NO;
				GCC_OPTIMIZATION_LEVEL = 0;
				GCC_PREPROCESSOR_DEFINITIONS = (
					"DEBUG=1",
					"$(inherited)",
				);
				GCC_SYMBOLS_PRIVATE_EXTERN = NO;
				GCC_WARN_64_TO_32_BIT_CONVERSION = YES;
				GCC_WARN_ABOUT_RETURN_TYPE = YES_ERROR;
				GCC_WARN_UNDECLARED_SELECTOR = YES;
				GCC_WARN_UNINITIALIZED_AUTOS = YES_AGGRESSIVE;
				GCC_WARN_UNUSED_FUNCTION = YES;
				GCC_WARN_UNUSED_VARIABLE = YES;
				IPHONEOS_DEPLOYMENT_TARGET = 7.1;
				ONLY_ACTIVE_ARCH = YES;
				SDKROOT = iphoneos;
			};
			name = Debug;
		};
		BF2B5C26192DB2FC00819BAE /* Release */ = {
			isa = XCBuildConfiguration;
			buildSettings = {
				ALWAYS_SEARCH_USER_PATHS = NO;
				CLANG_CXX_LANGUAGE_STANDARD = "gnu++0x";
				CLANG_CXX_LIBRARY = "libc++";
				CLANG_ENABLE_MODULES = YES;
				CLANG_ENABLE_OBJC_ARC = YES;
				CLANG_WARN_BOOL_CONVERSION = YES;
				CLANG_WARN_CONSTANT_CONVERSION = YES;
				CLANG_WARN_DIRECT_OBJC_ISA_USAGE = YES_ERROR;
				CLANG_WARN_EMPTY_BODY = YES;
				CLANG_WARN_ENUM_CONVERSION = YES;
				CLANG_WARN_INT_CONVERSION = YES;
				CLANG_WARN_OBJC_ROOT_CLASS = YES_ERROR;
				CLANG_WARN__DUPLICATE_METHOD_MATCH = YES;
				"CODE_SIGN_IDENTITY[sdk=iphoneos*]" = "iPhone Developer";
				COPY_PHASE_STRIP = YES;
				ENABLE_NS_ASSERTIONS = NO;
				GCC_C_LANGUAGE_STANDARD = gnu99;
				GCC_WARN_64_TO_32_BIT_CONVERSION = YES;
				GCC_WARN_ABOUT_RETURN_TYPE = YES_ERROR;
				GCC_WARN_UNDECLARED_SELECTOR = YES;
				GCC_WARN_UNINITIALIZED_AUTOS = YES_AGGRESSIVE;
				GCC_WARN_UNUSED_FUNCTION = YES;
				GCC_WARN_UNUSED_VARIABLE = YES;
				IPHONEOS_DEPLOYMENT_TARGET = 7.1;
				SDKROOT = iphoneos;
				VALIDATE_PRODUCT = YES;
			};
			name = Release;
		};
		BF2B5C28192DB2FC00819BAE /* Debug */ = {
			isa = XCBuildConfiguration;
			baseConfigurationReference = 05C47B998FD043A4B64A9FCD /* Pods.xcconfig */;
			buildSettings = {
				FRAMEWORK_SEARCH_PATHS = (
					"$(inherited)",
					"$(PROJECT_DIR)",
				);
				GCC_PRECOMPILE_PREFIX_HEADER = YES;
				GCC_PREFIX_HEADER = "EO/EO-Prefix.pch";
				INFOPLIST_FILE = "EO/EO-Info.plist";
				PRODUCT_NAME = "$(TARGET_NAME)";
				WRAPPER_EXTENSION = app;
			};
			name = Debug;
		};
		BF2B5C29192DB2FC00819BAE /* Release */ = {
			isa = XCBuildConfiguration;
			baseConfigurationReference = 05C47B998FD043A4B64A9FCD /* Pods.xcconfig */;
			buildSettings = {
				FRAMEWORK_SEARCH_PATHS = (
					"$(inherited)",
					"$(PROJECT_DIR)",
				);
				GCC_PRECOMPILE_PREFIX_HEADER = YES;
				GCC_PREFIX_HEADER = "EO/EO-Prefix.pch";
				INFOPLIST_FILE = "EO/EO-Info.plist";
				PRODUCT_NAME = "$(TARGET_NAME)";
				WRAPPER_EXTENSION = app;
			};
			name = Release;
		};
		BF2B5C2B192DB2FC00819BAE /* Debug */ = {
			isa = XCBuildConfiguration;
			buildSettings = {
				BUNDLE_LOADER = "$(BUILT_PRODUCTS_DIR)/EO.app/EO";
				FRAMEWORK_SEARCH_PATHS = (
					"$(SDKROOT)/Developer/Library/Frameworks",
					"$(inherited)",
					"$(DEVELOPER_FRAMEWORKS_DIR)",
				);
				GCC_PRECOMPILE_PREFIX_HEADER = YES;
				GCC_PREFIX_HEADER = "EO/EO-Prefix.pch";
				GCC_PREPROCESSOR_DEFINITIONS = (
					"DEBUG=1",
					"$(inherited)",
				);
				INFOPLIST_FILE = "EOTests/EOTests-Info.plist";
				PRODUCT_NAME = "$(TARGET_NAME)";
				TEST_HOST = "$(BUNDLE_LOADER)";
				WRAPPER_EXTENSION = xctest;
			};
			name = Debug;
		};
		BF2B5C2C192DB2FC00819BAE /* Release */ = {
			isa = XCBuildConfiguration;
			buildSettings = {
				BUNDLE_LOADER = "$(BUILT_PRODUCTS_DIR)/EO.app/EO";
				FRAMEWORK_SEARCH_PATHS = (
					"$(SDKROOT)/Developer/Library/Frameworks",
					"$(inherited)",
					"$(DEVELOPER_FRAMEWORKS_DIR)",
				);
				GCC_PRECOMPILE_PREFIX_HEADER = YES;
				GCC_PREFIX_HEADER = "EO/EO-Prefix.pch";
				INFOPLIST_FILE = "EOTests/EOTests-Info.plist";
				PRODUCT_NAME = "$(TARGET_NAME)";
				TEST_HOST = "$(BUNDLE_LOADER)";
				WRAPPER_EXTENSION = xctest;
			};
			name = Release;
		};
/* End XCBuildConfiguration section */

/* Begin XCConfigurationList section */
		BF2B5BF6192DB2FB00819BAE /* Build configuration list for PBXProject "EO" */ = {
			isa = XCConfigurationList;
			buildConfigurations = (
				BF2B5C25192DB2FC00819BAE /* Debug */,
				BF2B5C26192DB2FC00819BAE /* Release */,
			);
			defaultConfigurationIsVisible = 0;
			defaultConfigurationName = Release;
		};
		BF2B5C27192DB2FC00819BAE /* Build configuration list for PBXNativeTarget "EO" */ = {
			isa = XCConfigurationList;
			buildConfigurations = (
				BF2B5C28192DB2FC00819BAE /* Debug */,
				BF2B5C29192DB2FC00819BAE /* Release */,
			);
			defaultConfigurationIsVisible = 0;
			defaultConfigurationName = Release;
		};
		BF2B5C2A192DB2FC00819BAE /* Build configuration list for PBXNativeTarget "EOTests" */ = {
			isa = XCConfigurationList;
			buildConfigurations = (
				BF2B5C2B192DB2FC00819BAE /* Debug */,
				BF2B5C2C192DB2FC00819BAE /* Release */,
			);
			defaultConfigurationIsVisible = 0;
			defaultConfigurationName = Release;
		};
/* End XCConfigurationList section */
	};
	rootObject = BF2B5BF3192DB2FB00819BAE /* Project object */;
}
